
Microsoft Visual Studio Solution File, Format Version 12.00
# Visual Studio 2013
VisualStudioVersion = 12.0.21005.1
MinimumVisualStudioVersion = 10.0.40219.1
Project("{FAE04EC0-301F-11D3-BF4B-00C04F79EFBC}") = "Unidade6", "Exercicio6\Unidade6.csproj", "{076D4583-5AAF-4910-B5CC-3CEB855ABB17}"
EndProject
Project("{FAE04EC0-301F-11D3-BF4B-00C04F79EFBC}") = "Unidade8", "Unidade8\Unidade8.csproj", "{DA9D88A9-1067-4679-A396-3F91096EED57}"
EndProject
Project("{FAE04EC0-301F-11D3-BF4B-00C04F79EFBC}") = "Medindo a febre6", "Medindo a febre6\Medindo a febre6.csproj", "{8ABCF4F3-2183-4D20-A278-54311F6783CF}"
EndProject
Project("{FAE04EC0-301F-11D3-BF4B-00C04F79EFBC}") = "Unidade9", "Unidade9\Unidade9.csproj", "{63BC535C-0A4F-4E27-B3CD-BB33E47B774C}"
EndProject
Project("{FAE04EC0-301F-11D3-BF4B-00C04F79EFBC}") = "Unidade10", "Unidade10\Unidade10.csproj", "{6EBABBB4-1A87-41A7-8FA0-2CF3E7BE2065}"
EndProject
Project("{FAE04EC0-301F-11D3-BF4B-00C04F79EFBC}") = "Unidade7", "Unidade  7\Unidade7.csproj", "{8FA74B9D-F251-4479-910A-CEA6DEC2D2F1}"
EndProject
Project("{FAE04EC0-301F-11D3-BF4B-00C04F79EFBC}") = "Softlogic", "Softlogic\Softlogic.csproj", "{4F057FDC-7D5D-45C6-9737-CEA975D0EA18}"
EndProject
Project("{FAE04EC0-301F-11D3-BF4B-00C04F79EFBC}") = "Unidade11", "Unidade11\Unidade11.csproj", "{5C313A9D-7409-4917-9FBD-CC325E804782}"
EndProject
Project("{FAE04EC0-301F-11D3-BF4B-00C04F79EFBC}") = "MedindoFebre7", "MedindoFebre7\MedindoFebre7.csproj", "{D3E72009-1110-4218-A370-0A39A8127369}"
EndProject
Project("{FAE04EC0-301F-11D3-BF4B-00C04F79EFBC}") = "Unidade12", "Unidade12\Unidade12.csproj", "{4694A491-C534-4A09-ACF0-12DA47333721}"
EndProject
Project("{2150E333-8FDC-42A3-9474-1A3956D46DE8}") = "BancoDeDados", "BancoDeDados", "{13487F08-EDE0-4D51-98E4-8AFB51CB2C46}"
EndProject
Project("{FAE04EC0-301F-11D3-BF4B-00C04F79EFBC}") = "Pedido", "Pedido\Pedido.csproj", "{08524DF0-A825-42E2-9108-A65067AFB34C}"
EndProject
Project("{FAE04EC0-301F-11D3-BF4B-00C04F79EFBC}") = "UnidadeComplementar", "13\UnidadeComplementar.csproj", "{B14417ED-6CC8-4FFE-A915-7DF832A2E098}"
EndProject
Project("{2150E333-8FDC-42A3-9474-1A3956D46DE8}") = "HTML", "HTML", "{61ACD09D-BD42-413D-A0E1-AFE386D838BC}"
	ProjectSection(SolutionItems) = preProject
		index.html = index.html
		style.css = style.css
	EndProjectSection
EndProject
Project("{2150E333-8FDC-42A3-9474-1A3956D46DE8}") = "CSS", "CSS", "{40D2CA3B-304F-40CC-B584-CEA764CC9C25}"
	ProjectSection(SolutionItems) = preProject
		index2.html = index2.html
		style2.css = style2.css
	EndProjectSection
EndProject
Global
	GlobalSection(SolutionConfigurationPlatforms) = preSolution
		Debug|Any CPU = Debug|Any CPU
		Release|Any CPU = Release|Any CPU
	EndGlobalSection
	GlobalSection(ProjectConfigurationPlatforms) = postSolution
		{076D4583-5AAF-4910-B5CC-3CEB855ABB17}.Debug|Any CPU.ActiveCfg = Debug|Any CPU
		{076D4583-5AAF-4910-B5CC-3CEB855ABB17}.Debug|Any CPU.Build.0 = Debug|Any CPU
		{076D4583-5AAF-4910-B5CC-3CEB855ABB17}.Release|Any CPU.ActiveCfg = Release|Any CPU
		{076D4583-5AAF-4910-B5CC-3CEB855ABB17}.Release|Any CPU.Build.0 = Release|Any CPU
		{DA9D88A9-1067-4679-A396-3F91096EED57}.Debug|Any CPU.ActiveCfg = Debug|Any CPU
		{DA9D88A9-1067-4679-A396-3F91096EED57}.Debug|Any CPU.Build.0 = Debug|Any CPU
		{DA9D88A9-1067-4679-A396-3F91096EED57}.Release|Any CPU.ActiveCfg = Release|Any CPU
		{DA9D88A9-1067-4679-A396-3F91096EED57}.Release|Any CPU.Build.0 = Release|Any CPU
		{8ABCF4F3-2183-4D20-A278-54311F6783CF}.Debug|Any CPU.ActiveCfg = Debug|Any CPU
		{8ABCF4F3-2183-4D20-A278-54311F6783CF}.Debug|Any CPU.Build.0 = Debug|Any CPU
		{8ABCF4F3-2183-4D20-A278-54311F6783CF}.Release|Any CPU.ActiveCfg = Release|Any CPU
		{8ABCF4F3-2183-4D20-A278-54311F6783CF}.Release|Any CPU.Build.0 = Release|Any CPU
		{63BC535C-0A4F-4E27-B3CD-BB33E47B774C}.Debug|Any CPU.ActiveCfg = Debug|Any CPU
		{63BC535C-0A4F-4E27-B3CD-BB33E47B774C}.Debug|Any CPU.Build.0 = Debug|Any CPU
		{63BC535C-0A4F-4E27-B3CD-BB33E47B774C}.Release|Any CPU.ActiveCfg = Release|Any CPU
		{63BC535C-0A4F-4E27-B3CD-BB33E47B774C}.Release|Any CPU.Build.0 = Release|Any CPU
		{6EBABBB4-1A87-41A7-8FA0-2CF3E7BE2065}.Debug|Any CPU.ActiveCfg = Debug|Any CPU
		{6EBABBB4-1A87-41A7-8FA0-2CF3E7BE2065}.Debug|Any CPU.Build.0 = Debug|Any CPU
		{6EBABBB4-1A87-41A7-8FA0-2CF3E7BE2065}.Release|Any CPU.ActiveCfg = Release|Any CPU
		{6EBABBB4-1A87-41A7-8FA0-2CF3E7BE2065}.Release|Any CPU.Build.0 = Release|Any CPU
		{8FA74B9D-F251-4479-910A-CEA6DEC2D2F1}.Debug|Any CPU.ActiveCfg = Debug|Any CPU
		{8FA74B9D-F251-4479-910A-CEA6DEC2D2F1}.Debug|Any CPU.Build.0 = Debug|Any CPU
		{8FA74B9D-F251-4479-910A-CEA6DEC2D2F1}.Release|Any CPU.ActiveCfg = Release|Any CPU
		{8FA74B9D-F251-4479-910A-CEA6DEC2D2F1}.Release|Any CPU.Build.0 = Release|Any CPU
		{4F057FDC-7D5D-45C6-9737-CEA975D0EA18}.Debug|Any CPU.ActiveCfg = Debug|Any CPU
		{4F057FDC-7D5D-45C6-9737-CEA975D0EA18}.Debug|Any CPU.Build.0 = Debug|Any CPU
		{4F057FDC-7D5D-45C6-9737-CEA975D0EA18}.Release|Any CPU.ActiveCfg = Release|Any CPU
		{4F057FDC-7D5D-45C6-9737-CEA975D0EA18}.Release|Any CPU.Build.0 = Release|Any CPU
		{5C313A9D-7409-4917-9FBD-CC325E804782}.Debug|Any CPU.ActiveCfg = Debug|Any CPU
		{5C313A9D-7409-4917-9FBD-CC325E804782}.Debug|Any CPU.Build.0 = Debug|Any CPU
		{5C313A9D-7409-4917-9FBD-CC325E804782}.Release|Any CPU.ActiveCfg = Release|Any CPU
		{5C313A9D-7409-4917-9FBD-CC325E804782}.Release|Any CPU.Build.0 = Release|Any CPU
		{D3E72009-1110-4218-A370-0A39A8127369}.Debug|Any CPU.ActiveCfg = Debug|Any CPU
		{D3E72009-1110-4218-A370-0A39A8127369}.Debug|Any CPU.Build.0 = Debug|Any CPU
		{D3E72009-1110-4218-A370-0A39A8127369}.Release|Any CPU.ActiveCfg = Release|Any CPU
		{D3E72009-1110-4218-A370-0A39A8127369}.Release|Any CPU.Build.0 = Release|Any CPU
		{4694A491-C534-4A09-ACF0-12DA47333721}.Debug|Any CPU.ActiveCfg = Debug|Any CPU
		{4694A491-C534-4A09-ACF0-12DA47333721}.Debug|Any CPU.Build.0 = Debug|Any CPU
		{4694A491-C534-4A09-ACF0-12DA47333721}.Release|Any CPU.ActiveCfg = Release|Any CPU
		{4694A491-C534-4A09-ACF0-12DA47333721}.Release|Any CPU.Build.0 = Release|Any CPU
		{08524DF0-A825-42E2-9108-A65067AFB34C}.Debug|Any CPU.ActiveCfg = Debug|Any CPU
		{08524DF0-A825-42E2-9108-A65067AFB34C}.Debug|Any CPU.Build.0 = Debug|Any CPU
		{08524DF0-A825-42E2-9108-A65067AFB34C}.Release|Any CPU.ActiveCfg = Release|Any CPU
		{08524DF0-A825-42E2-9108-A65067AFB34C}.Release|Any CPU.Build.0 = Release|Any CPU
		{B14417ED-6CC8-4FFE-A915-7DF832A2E098}.Debug|Any CPU.ActiveCfg = Debug|Any CPU
		{B14417ED-6CC8-4FFE-A915-7DF832A2E098}.Debug|Any CPU.Build.0 = Debug|Any CPU
		{B14417ED-6CC8-4FFE-A915-7DF832A2E098}.Release|Any CPU.ActiveCfg = Release|Any CPU
		{B14417ED-6CC8-4FFE-A915-7DF832A2E098}.Release|Any CPU.Build.0 = Release|Any CPU
	EndGlobalSection
	GlobalSection(SolutionProperties) = preSolution
		HideSolutionNode = FALSE
	EndGlobalSection
	GlobalSection(NestedProjects) = preSolution
		{08524DF0-A825-42E2-9108-A65067AFB34C} = {13487F08-EDE0-4D51-98E4-8AFB51CB2C46}
	EndGlobalSection
EndGlobal
